lockfileVersion: '9.0'

settings:
  autoInstallPeers: true
  excludeLinksFromLockfile: false

importers:

  .:
    dependencies:
      '@mediapipe/camera_utils':
        specifier: ^0.3.1675466862
        version: 0.3.1675466862
      '@mediapipe/drawing_utils':
        specifier: ^0.3.1675466124
        version: 0.3.1675466124
      '@mediapipe/holistic':
        specifier: ^0.5.1675471629
        version: 0.5.1675471629
      react-webcam:
        specifier: ^7.2.0
        version: 7.2.0(react-dom@19.1.0(react@19.1.0))(react@19.1.0)

packages:

  '@mediapipe/camera_utils@0.3.1675466862':
    resolution: {integrity: sha512-siuXBoUxWo9WL0MeAxIxvxY04bvbtdNl7uCxoJxiAiRtNnCYrurr7Vl5VYQ94P7Sq0gVq6PxIDhWWeZ/pLnSzw==}

  '@mediapipe/drawing_utils@0.3.1675466124':
    resolution: {integrity: sha512-/IWIB/iYRMtiUKe3k7yGqvwseWHCOqzVpRDfMgZ6gv9z7EEimg6iZbRluoPbcNKHbYSxN5yOvYTzUYb8KVf22Q==}

  '@mediapipe/holistic@0.5.1675471629':
    resolution: {integrity: sha512-qY+cxtDeSOvVtevrLgnodiwXYaAtPi7dHZtNv/bUCGEjFicAOYtMmrZSqMmbPkTB2+4jLnPF1vgshkAqQRSYAw==}

  react-dom@19.1.0:
    resolution: {integrity: sha512-Xs1hdnE+DyKgeHJeJznQmYMIBG3TKIHJJT95Q58nHLSrElKlGQqDTR2HQ9fx5CN/Gk6Vh/kupBTDLU11/nDk/g==}
    peerDependencies:
      react: ^19.1.0

  react-webcam@7.2.0:
    resolution: {integrity: sha512-xkrzYPqa1ag2DP+2Q/kLKBmCIfEx49bVdgCCCcZf88oF+0NPEbkwYk3/s/C7Zy0mhM8k+hpdNkBLzxg8H0aWcg==}
    peerDependencies:
      react: '>=16.2.0'
      react-dom: '>=16.2.0'

  react@19.1.0:
    resolution: {integrity: sha512-FS+XFBNvn3GTAWq26joslQgWNoFu08F4kl0J4CgdNKADkdSGXQyTCnKteIAJy96Br6YbpEU1LSzV5dYtjMkMDg==}
    engines: {node: '>=0.10.0'}

  scheduler@0.26.0:
    resolution: {integrity: sha512-NlHwttCI/l5gCPR3D1nNXtWABUmBwvZpEQiD4IXSbIDq8BzLIK/7Ir5gTFSGZDUu37K5cMNp0hFtzO38sC7gWA==}

snapshots:

  '@mediapipe/camera_utils@0.3.1675466862': {}

  '@mediapipe/drawing_utils@0.3.1675466124': {}

  '@mediapipe/holistic@0.5.1675471629': {}

  react-dom@19.1.0(react@19.1.0):
    dependencies:
      react: 19.1.0
      scheduler: 0.26.0

  react-webcam@7.2.0(react-dom@19.1.0(react@19.1.0))(react@19.1.0):
    dependencies:
      react: 19.1.0
      react-dom: 19.1.0(react@19.1.0)

  react@19.1.0: {}

  scheduler@0.26.0: {}
